
Microsoft Visual Studio Solution File, Format Version 12.00
Project("{FAE04EC0-301F-11D3-BF4B-00C04F79EFBC}") = "zsh-plus", "zsh-plus.csproj", "{BC26B057-5958-4E1C-B1FC-24008E0DD855}"
EndProject
Global
	GlobalSection(SolutionConfigurationPlatforms) = preSolution
		Debug|Any CPU = Debug|Any CPU
		Release|Any CPU = Release|Any CPU
	EndGlobalSection
	GlobalSection(ProjectConfigurationPlatforms) = postSolution
		{BC26B057-5958-4E1C-B1FC-24008E0DD855}.Release|Any CPU.ActiveCfg = Release|Any CPU
		{BC26B057-5958-4E1C-B1FC-24008E0DD855}.Release|Any CPU.Build.0 = Release|Any CPU
		{BC26B057-5958-4E1C-B1FC-24008E0DD855}.Debug|Any CPU.ActiveCfg = Release|Any CPU
		{BC26B057-5958-4E1C-B1FC-24008E0DD855}.Debug|Any CPU.Build.0 = Release|Any CPU
	EndGlobalSection
EndGlobal
